
Microsoft Visual Studio Solution File, Format Version 12.00
# Visual Studio Version 17
VisualStudioVersion = 17.8.34316.72
MinimumVisualStudioVersion = 10.0.40219.1
Project("{FAE04EC0-301F-11D3-BF4B-00C04F79EFBC}") = "WinFormsApp1", "WinFormsApp1\WinFormsApp1.csproj", "{D3C78F68-0AE9-46A2-B411-6B1FDCD79AB4}"
EndProject
Global
	GlobalSection(SolutionConfigurationPlatforms) = preSolution
		Debug|Any CPU = Debug|Any CPU
		Release|Any CPU = Release|Any CPU
	EndGlobalSection
	GlobalSection(ProjectConfigurationPlatforms) = postSolution
		{D3C78F68-0AE9-46A2-B411-6B1FDCD79AB4}.Debug|Any CPU.ActiveCfg = Debug|Any CPU
		{D3C78F68-0AE9-46A2-B411-6B1FDCD79AB4}.Debug|Any CPU.Build.0 = Debug|Any CPU
		{D3C78F68-0AE9-46A2-B411-6B1FDCD79AB4}.Release|Any CPU.ActiveCfg = Release|Any CPU
		{D3C78F68-0AE9-46A2-B411-6B1FDCD79AB4}.Release|Any CPU.Build.0 = Release|Any CPU
	EndGlobalSection
	GlobalSection(SolutionProperties) = preSolution
		HideSolutionNode = FALSE
	EndGlobalSection
	GlobalSection(ExtensibilityGlobals) = postSolution
		SolutionGuid = {F8D05DA2-85D9-4940-A8E7-7A83FD47CB3F}
	EndGlobalSection
EndGlobal
