
Microsoft Visual Studio Solution File, Format Version 12.00
# Visual Studio Version 17
VisualStudioVersion = 17.8.34309.116
MinimumVisualStudioVersion = 10.0.40219.1
Project("{FAE04EC0-301F-11D3-BF4B-00C04F79EFBC}") = "Dictionary", "Dictionary\Dictionary.csproj", "{29E36C7C-6337-46D1-8ADD-1CC5057D06D4}"
EndProject
Global
	GlobalSection(SolutionConfigurationPlatforms) = preSolution
		Debug|Any CPU = Debug|Any CPU
		Release|Any CPU = Release|Any CPU
	EndGlobalSection
	GlobalSection(ProjectConfigurationPlatforms) = postSolution
		{29E36C7C-6337-46D1-8ADD-1CC5057D06D4}.Debug|Any CPU.ActiveCfg = Debug|Any CPU
		{29E36C7C-6337-46D1-8ADD-1CC5057D06D4}.Debug|Any CPU.Build.0 = Debug|Any CPU
		{29E36C7C-6337-46D1-8ADD-1CC5057D06D4}.Release|Any CPU.ActiveCfg = Release|Any CPU
		{29E36C7C-6337-46D1-8ADD-1CC5057D06D4}.Release|Any CPU.Build.0 = Release|Any CPU
	EndGlobalSection
	GlobalSection(SolutionProperties) = preSolution
		HideSolutionNode = FALSE
	EndGlobalSection
	GlobalSection(ExtensibilityGlobals) = postSolution
		SolutionGuid = {5A8AE845-56C2-4AD1-A59B-4E6C0D829D2F}
	EndGlobalSection
EndGlobal
